
Microsoft Visual Studio Solution File, Format Version 12.00
# Visual Studio 15
VisualStudioVersion = 15.0.27004.2009
MinimumVisualStudioVersion = 10.0.40219.1
Project("{159641D6-6404-4A2A-AE62-294DE0FE8301}") = "SSISDemo", "SSISDemo\SSISDemo.dtproj", "{EE7849AE-6F3A-442E-B667-047D94C5946E}"
EndProject
Global
	GlobalSection(SolutionConfigurationPlatforms) = preSolution
		Development|Default = Development|Default
	EndGlobalSection
	GlobalSection(ProjectConfigurationPlatforms) = postSolution
		{EE7849AE-6F3A-442E-B667-047D94C5946E}.Development|Default.ActiveCfg = Development
		{EE7849AE-6F3A-442E-B667-047D94C5946E}.Development|Default.Build.0 = Development
	EndGlobalSection
	GlobalSection(SolutionProperties) = preSolution
		HideSolutionNode = FALSE
	EndGlobalSection
	GlobalSection(ExtensibilityGlobals) = postSolution
		SolutionGuid = {A27BEAB2-5347-4A2D-A74D-6031CB9E2C94}
	EndGlobalSection
EndGlobal
